
Microsoft Visual Studio Solution File, Format Version 12.00
# Visual Studio Version 16
VisualStudioVersion = 16.0.30320.27
MinimumVisualStudioVersion = 10.0.40219.1
Project("{FAE04EC0-301F-11D3-BF4B-00C04F79EFBC}") = "WebQLBHMA_Client", "WebQLBHMA_Client\WebQLBHMA_Client.csproj", "{7F06AB19-5FA2-44F8-85F4-2A00EEF56B53}"
EndProject
Global
	GlobalSection(SolutionConfigurationPlatforms) = preSolution
		Debug|Any CPU = Debug|Any CPU
		Release|Any CPU = Release|Any CPU
	EndGlobalSection
	GlobalSection(ProjectConfigurationPlatforms) = postSolution
		{7F06AB19-5FA2-44F8-85F4-2A00EEF56B53}.Debug|Any CPU.ActiveCfg = Debug|Any CPU
		{7F06AB19-5FA2-44F8-85F4-2A00EEF56B53}.Debug|Any CPU.Build.0 = Debug|Any CPU
		{7F06AB19-5FA2-44F8-85F4-2A00EEF56B53}.Release|Any CPU.ActiveCfg = Release|Any CPU
		{7F06AB19-5FA2-44F8-85F4-2A00EEF56B53}.Release|Any CPU.Build.0 = Release|Any CPU
	EndGlobalSection
	GlobalSection(SolutionProperties) = preSolution
		HideSolutionNode = FALSE
	EndGlobalSection
	GlobalSection(ExtensibilityGlobals) = postSolution
		SolutionGuid = {FA4E38C6-9060-49A5-9D62-D81A649E164D}
	EndGlobalSection
EndGlobal
